
Microsoft Visual Studio Solution File, Format Version 12.00
# Visual Studio Version 16
VisualStudioVersion = 16.0.29230.47
MinimumVisualStudioVersion = 10.0.40219.1
Project("{2150E333-8FDC-42A3-9474-1A3956D46DE8}") = "Microservices", "Microservices", "{8389B927-FA8B-4E85-8030-119EBE90288B}"
EndProject
Project("{2150E333-8FDC-42A3-9474-1A3956D46DE8}") = "Domain", "Domain", "{83C635F3-F947-410F-BC5E-907B816E1E75}"
EndProject
Project("{2150E333-8FDC-42A3-9474-1A3956D46DE8}") = "Infra.Bus", "Infra.Bus", "{30A41176-7EA8-49A1-A501-B3E0EE07659E}"
EndProject
Project("{2150E333-8FDC-42A3-9474-1A3956D46DE8}") = "Infra.IoC", "Infra.IoC", "{33CE4D14-3374-46C8-88B0-66B0623DCA43}"
EndProject
Project("{2150E333-8FDC-42A3-9474-1A3956D46DE8}") = "Presentation", "Presentation", "{14585D9C-5160-4043-BFAA-4FA1681AEA5D}"
EndProject
Project("{9A19103F-16F7-4668-BE54-9A1E7A4F7556}") = "Core", "Core\Core.csproj", "{4C6614FC-F244-4CFB-88AD-E750DE7F46D7}"
EndProject
Project("{9A19103F-16F7-4668-BE54-9A1E7A4F7556}") = "Messaging", "Messaging\Messaging.csproj", "{4913FB40-CEF5-450A-8200-B16B3BA7CB77}"
EndProject
Project("{9A19103F-16F7-4668-BE54-9A1E7A4F7556}") = "IoC", "IoC\IoC.csproj", "{6D5232C2-77FD-4F15-97F5-11FBA5F82CDF}"
EndProject
Project("{2150E333-8FDC-42A3-9474-1A3956D46DE8}") = "Banking", "Banking", "{44A3F275-F593-49CD-90D5-4FF9DF8E8E02}"
EndProject
Project("{2150E333-8FDC-42A3-9474-1A3956D46DE8}") = "Api", "Api", "{6BAAC656-C608-4767-B8CC-944F2AEB1974}"
EndProject
Project("{2150E333-8FDC-42A3-9474-1A3956D46DE8}") = "Domain", "Domain", "{EBEC4CF6-0DA6-4E88-8F8E-C3E512134302}"
EndProject
Project("{2150E333-8FDC-42A3-9474-1A3956D46DE8}") = "Application", "Application", "{32944646-EFB0-41AB-977B-ECA4A5EB03D1}"
EndProject
Project("{2150E333-8FDC-42A3-9474-1A3956D46DE8}") = "Data", "Data", "{8BA4C3D7-0E99-40BF-9102-3DFCDD5D7EDF}"
EndProject
Project("{FAE04EC0-301F-11D3-BF4B-00C04F79EFBC}") = "Banking.Api", "Banking.Api\Banking.Api.csproj", "{358A4AEC-51DB-42E8-BB03-7AE835EF5E32}"
EndProject
Project("{FAE04EC0-301F-11D3-BF4B-00C04F79EFBC}") = "Banking.Application", "Banking.Application\Banking.Application.csproj", "{C5AE57AD-5BDA-46FC-A87F-FC8B03FE8925}"
EndProject
Project("{FAE04EC0-301F-11D3-BF4B-00C04F79EFBC}") = "Banking.Data", "Banking.Data\Banking.Data.csproj", "{3BE0C6D3-E967-40D3-9BFB-A7880AA1A724}"
EndProject
Project("{FAE04EC0-301F-11D3-BF4B-00C04F79EFBC}") = "Banking.Domain", "Banking.Domain\Banking.Domain.csproj", "{729694D5-3167-4C6B-8B82-81DCC8529622}"
EndProject
Global
	GlobalSection(SolutionConfigurationPlatforms) = preSolution
		Debug|Any CPU = Debug|Any CPU
		Release|Any CPU = Release|Any CPU
	EndGlobalSection
	GlobalSection(ProjectConfigurationPlatforms) = postSolution
		{4C6614FC-F244-4CFB-88AD-E750DE7F46D7}.Debug|Any CPU.ActiveCfg = Debug|Any CPU
		{4C6614FC-F244-4CFB-88AD-E750DE7F46D7}.Debug|Any CPU.Build.0 = Debug|Any CPU
		{4C6614FC-F244-4CFB-88AD-E750DE7F46D7}.Release|Any CPU.ActiveCfg = Release|Any CPU
		{4C6614FC-F244-4CFB-88AD-E750DE7F46D7}.Release|Any CPU.Build.0 = Release|Any CPU
		{4913FB40-CEF5-450A-8200-B16B3BA7CB77}.Debug|Any CPU.ActiveCfg = Debug|Any CPU
		{4913FB40-CEF5-450A-8200-B16B3BA7CB77}.Debug|Any CPU.Build.0 = Debug|Any CPU
		{4913FB40-CEF5-450A-8200-B16B3BA7CB77}.Release|Any CPU.ActiveCfg = Release|Any CPU
		{4913FB40-CEF5-450A-8200-B16B3BA7CB77}.Release|Any CPU.Build.0 = Release|Any CPU
		{6D5232C2-77FD-4F15-97F5-11FBA5F82CDF}.Debug|Any CPU.ActiveCfg = Debug|Any CPU
		{6D5232C2-77FD-4F15-97F5-11FBA5F82CDF}.Debug|Any CPU.Build.0 = Debug|Any CPU
		{6D5232C2-77FD-4F15-97F5-11FBA5F82CDF}.Release|Any CPU.ActiveCfg = Release|Any CPU
		{6D5232C2-77FD-4F15-97F5-11FBA5F82CDF}.Release|Any CPU.Build.0 = Release|Any CPU
		{358A4AEC-51DB-42E8-BB03-7AE835EF5E32}.Debug|Any CPU.ActiveCfg = Debug|Any CPU
		{358A4AEC-51DB-42E8-BB03-7AE835EF5E32}.Debug|Any CPU.Build.0 = Debug|Any CPU
		{358A4AEC-51DB-42E8-BB03-7AE835EF5E32}.Release|Any CPU.ActiveCfg = Release|Any CPU
		{358A4AEC-51DB-42E8-BB03-7AE835EF5E32}.Release|Any CPU.Build.0 = Release|Any CPU
		{C5AE57AD-5BDA-46FC-A87F-FC8B03FE8925}.Debug|Any CPU.ActiveCfg = Debug|Any CPU
		{C5AE57AD-5BDA-46FC-A87F-FC8B03FE8925}.Debug|Any CPU.Build.0 = Debug|Any CPU
		{C5AE57AD-5BDA-46FC-A87F-FC8B03FE8925}.Release|Any CPU.ActiveCfg = Release|Any CPU
		{C5AE57AD-5BDA-46FC-A87F-FC8B03FE8925}.Release|Any CPU.Build.0 = Release|Any CPU
		{3BE0C6D3-E967-40D3-9BFB-A7880AA1A724}.Debug|Any CPU.ActiveCfg = Debug|Any CPU
		{3BE0C6D3-E967-40D3-9BFB-A7880AA1A724}.Debug|Any CPU.Build.0 = Debug|Any CPU
		{3BE0C6D3-E967-40D3-9BFB-A7880AA1A724}.Release|Any CPU.ActiveCfg = Release|Any CPU
		{3BE0C6D3-E967-40D3-9BFB-A7880AA1A724}.Release|Any CPU.Build.0 = Release|Any CPU
		{729694D5-3167-4C6B-8B82-81DCC8529622}.Debug|Any CPU.ActiveCfg = Debug|Any CPU
		{729694D5-3167-4C6B-8B82-81DCC8529622}.Debug|Any CPU.Build.0 = Debug|Any CPU
		{729694D5-3167-4C6B-8B82-81DCC8529622}.Release|Any CPU.ActiveCfg = Release|Any CPU
		{729694D5-3167-4C6B-8B82-81DCC8529622}.Release|Any CPU.Build.0 = Release|Any CPU
	EndGlobalSection
	GlobalSection(SolutionProperties) = preSolution
		HideSolutionNode = FALSE
	EndGlobalSection
	GlobalSection(NestedProjects) = preSolution
		{4C6614FC-F244-4CFB-88AD-E750DE7F46D7} = {83C635F3-F947-410F-BC5E-907B816E1E75}
		{4913FB40-CEF5-450A-8200-B16B3BA7CB77} = {30A41176-7EA8-49A1-A501-B3E0EE07659E}
		{6D5232C2-77FD-4F15-97F5-11FBA5F82CDF} = {33CE4D14-3374-46C8-88B0-66B0623DCA43}
		{44A3F275-F593-49CD-90D5-4FF9DF8E8E02} = {8389B927-FA8B-4E85-8030-119EBE90288B}
		{6BAAC656-C608-4767-B8CC-944F2AEB1974} = {44A3F275-F593-49CD-90D5-4FF9DF8E8E02}
		{EBEC4CF6-0DA6-4E88-8F8E-C3E512134302} = {44A3F275-F593-49CD-90D5-4FF9DF8E8E02}
		{32944646-EFB0-41AB-977B-ECA4A5EB03D1} = {44A3F275-F593-49CD-90D5-4FF9DF8E8E02}
		{8BA4C3D7-0E99-40BF-9102-3DFCDD5D7EDF} = {44A3F275-F593-49CD-90D5-4FF9DF8E8E02}
		{358A4AEC-51DB-42E8-BB03-7AE835EF5E32} = {6BAAC656-C608-4767-B8CC-944F2AEB1974}
		{C5AE57AD-5BDA-46FC-A87F-FC8B03FE8925} = {32944646-EFB0-41AB-977B-ECA4A5EB03D1}
		{3BE0C6D3-E967-40D3-9BFB-A7880AA1A724} = {8BA4C3D7-0E99-40BF-9102-3DFCDD5D7EDF}
		{729694D5-3167-4C6B-8B82-81DCC8529622} = {EBEC4CF6-0DA6-4E88-8F8E-C3E512134302}
	EndGlobalSection
	GlobalSection(ExtensibilityGlobals) = postSolution
		SolutionGuid = {41444A42-4FDC-43E7-AE9B-A4D341C9E803}
	EndGlobalSection
EndGlobal
